
Microsoft Visual Studio Solution File, Format Version 12.00
# Visual Studio Version 17
VisualStudioVersion = 17.6.33723.286
MinimumVisualStudioVersion = 10.0.40219.1
Project("{9A19103F-16F7-4668-BE54-9A1E7A4F7556}") = "the_tester", "the_tester\the_tester.csproj", "{820FCFEF-BB54-4B0E-B006-5D17C075459E}"
EndProject
Project("{C7167F0D-BC9F-4E6E-AFE1-012C56B48DB5}") = "Wapproj", "Wapproj\Wapproj.wapproj", "{A474E4A8-0553-4491-8A69-88872126FDCF}"
EndProject
Global
	GlobalSection(SolutionConfigurationPlatforms) = preSolution
		Debug|Any CPU = Debug|Any CPU
		Debug|ARM = Debug|ARM
		Debug|ARM64 = Debug|ARM64
		Debug|x64 = Debug|x64
		Debug|x86 = Debug|x86
		Release|Any CPU = Release|Any CPU
		Release|ARM = Release|ARM
		Release|ARM64 = Release|ARM64
		Release|x64 = Release|x64
		Release|x86 = Release|x86
	EndGlobalSection
	GlobalSection(ProjectConfigurationPlatforms) = postSolution
		{820FCFEF-BB54-4B0E-B006-5D17C075459E}.Debug|Any CPU.ActiveCfg = Debug|Any CPU
		{820FCFEF-BB54-4B0E-B006-5D17C075459E}.Debug|Any CPU.Build.0 = Debug|Any CPU
		{820FCFEF-BB54-4B0E-B006-5D17C075459E}.Debug|ARM.ActiveCfg = Debug|Any CPU
		{820FCFEF-BB54-4B0E-B006-5D17C075459E}.Debug|ARM.Build.0 = Debug|Any CPU
		{820FCFEF-BB54-4B0E-B006-5D17C075459E}.Debug|ARM64.ActiveCfg = Debug|Any CPU
		{820FCFEF-BB54-4B0E-B006-5D17C075459E}.Debug|ARM64.Build.0 = Debug|Any CPU
		{820FCFEF-BB54-4B0E-B006-5D17C075459E}.Debug|x64.ActiveCfg = Debug|Any CPU
		{820FCFEF-BB54-4B0E-B006-5D17C075459E}.Debug|x64.Build.0 = Debug|Any CPU
		{820FCFEF-BB54-4B0E-B006-5D17C075459E}.Debug|x86.ActiveCfg = Debug|Any CPU
		{820FCFEF-BB54-4B0E-B006-5D17C075459E}.Debug|x86.Build.0 = Debug|Any CPU
		{820FCFEF-BB54-4B0E-B006-5D17C075459E}.Release|Any CPU.ActiveCfg = Release|Any CPU
		{820FCFEF-BB54-4B0E-B006-5D17C075459E}.Release|Any CPU.Build.0 = Release|Any CPU
		{820FCFEF-BB54-4B0E-B006-5D17C075459E}.Release|ARM.ActiveCfg = Release|Any CPU
		{820FCFEF-BB54-4B0E-B006-5D17C075459E}.Release|ARM.Build.0 = Release|Any CPU
		{820FCFEF-BB54-4B0E-B006-5D17C075459E}.Release|ARM64.ActiveCfg = Release|Any CPU
		{820FCFEF-BB54-4B0E-B006-5D17C075459E}.Release|ARM64.Build.0 = Release|Any CPU
		{820FCFEF-BB54-4B0E-B006-5D17C075459E}.Release|x64.ActiveCfg = Release|Any CPU
		{820FCFEF-BB54-4B0E-B006-5D17C075459E}.Release|x64.Build.0 = Release|Any CPU
		{820FCFEF-BB54-4B0E-B006-5D17C075459E}.Release|x86.ActiveCfg = Release|Any CPU
		{820FCFEF-BB54-4B0E-B006-5D17C075459E}.Release|x86.Build.0 = Release|Any CPU
		{A474E4A8-0553-4491-8A69-88872126FDCF}.Debug|Any CPU.ActiveCfg = Debug|Any CPU
		{A474E4A8-0553-4491-8A69-88872126FDCF}.Debug|Any CPU.Build.0 = Debug|Any CPU
		{A474E4A8-0553-4491-8A69-88872126FDCF}.Debug|Any CPU.Deploy.0 = Debug|Any CPU
		{A474E4A8-0553-4491-8A69-88872126FDCF}.Debug|ARM.ActiveCfg = Debug|ARM
		{A474E4A8-0553-4491-8A69-88872126FDCF}.Debug|ARM.Build.0 = Debug|ARM
		{A474E4A8-0553-4491-8A69-88872126FDCF}.Debug|ARM.Deploy.0 = Debug|ARM
		{A474E4A8-0553-4491-8A69-88872126FDCF}.Debug|ARM64.ActiveCfg = Debug|ARM64
		{A474E4A8-0553-4491-8A69-88872126FDCF}.Debug|ARM64.Build.0 = Debug|ARM64
		{A474E4A8-0553-4491-8A69-88872126FDCF}.Debug|ARM64.Deploy.0 = Debug|ARM64
		{A474E4A8-0553-4491-8A69-88872126FDCF}.Debug|x64.ActiveCfg = Debug|x64
		{A474E4A8-0553-4491-8A69-88872126FDCF}.Debug|x64.Build.0 = Debug|x64
		{A474E4A8-0553-4491-8A69-88872126FDCF}.Debug|x64.Deploy.0 = Debug|x64
		{A474E4A8-0553-4491-8A69-88872126FDCF}.Debug|x86.ActiveCfg = Debug|x86
		{A474E4A8-0553-4491-8A69-88872126FDCF}.Debug|x86.Build.0 = Debug|x86
		{A474E4A8-0553-4491-8A69-88872126FDCF}.Debug|x86.Deploy.0 = Debug|x86
		{A474E4A8-0553-4491-8A69-88872126FDCF}.Release|Any CPU.ActiveCfg = Release|Any CPU
		{A474E4A8-0553-4491-8A69-88872126FDCF}.Release|Any CPU.Build.0 = Release|Any CPU
		{A474E4A8-0553-4491-8A69-88872126FDCF}.Release|Any CPU.Deploy.0 = Release|Any CPU
		{A474E4A8-0553-4491-8A69-88872126FDCF}.Release|ARM.ActiveCfg = Release|ARM
		{A474E4A8-0553-4491-8A69-88872126FDCF}.Release|ARM.Build.0 = Release|ARM
		{A474E4A8-0553-4491-8A69-88872126FDCF}.Release|ARM.Deploy.0 = Release|ARM
		{A474E4A8-0553-4491-8A69-88872126FDCF}.Release|ARM64.ActiveCfg = Release|ARM64
		{A474E4A8-0553-4491-8A69-88872126FDCF}.Release|ARM64.Build.0 = Release|ARM64
		{A474E4A8-0553-4491-8A69-88872126FDCF}.Release|ARM64.Deploy.0 = Release|ARM64
		{A474E4A8-0553-4491-8A69-88872126FDCF}.Release|x64.ActiveCfg = Release|x64
		{A474E4A8-0553-4491-8A69-88872126FDCF}.Release|x64.Build.0 = Release|x64
		{A474E4A8-0553-4491-8A69-88872126FDCF}.Release|x64.Deploy.0 = Release|x64
		{A474E4A8-0553-4491-8A69-88872126FDCF}.Release|x86.ActiveCfg = Release|x86
		{A474E4A8-0553-4491-8A69-88872126FDCF}.Release|x86.Build.0 = Release|x86
		{A474E4A8-0553-4491-8A69-88872126FDCF}.Release|x86.Deploy.0 = Release|x86
	EndGlobalSection
	GlobalSection(SolutionProperties) = preSolution
		HideSolutionNode = FALSE
	EndGlobalSection
	GlobalSection(ExtensibilityGlobals) = postSolution
		SolutionGuid = {419A4974-7CF0-42E5-81F1-841C496198CA}
	EndGlobalSection
EndGlobal
